
Microsoft Visual Studio Solution File, Format Version 12.00
# Visual Studio Version 17
VisualStudioVersion = 17.5.33530.505
MinimumVisualStudioVersion = 10.0.40219.1
Project("{9A19103F-16F7-4668-BE54-9A1E7A4F7556}") = "VoiceCountdown", "VoiceCountdown\VoiceCountdown.csproj", "{22A9299F-2E73-49B4-A814-C4D646C3F21C}"
EndProject
Project("{2150E333-8FDC-42A3-9474-1A3956D46DE8}") = "ソリューション項目", "ソリューション項目", "{3D1DC1D3-B172-4999-BAC1-930643AB9710}"
	ProjectSection(SolutionItems) = preProject
		image.png = image.png
		README.md = README.md
	EndProjectSection
EndProject
Global
	GlobalSection(SolutionConfigurationPlatforms) = preSolution
		Debug|Any CPU = Debug|Any CPU
		Release|Any CPU = Release|Any CPU
	EndGlobalSection
	GlobalSection(ProjectConfigurationPlatforms) = postSolution
		{22A9299F-2E73-49B4-A814-C4D646C3F21C}.Debug|Any CPU.ActiveCfg = Debug|Any CPU
		{22A9299F-2E73-49B4-A814-C4D646C3F21C}.Debug|Any CPU.Build.0 = Debug|Any CPU
		{22A9299F-2E73-49B4-A814-C4D646C3F21C}.Release|Any CPU.ActiveCfg = Release|Any CPU
		{22A9299F-2E73-49B4-A814-C4D646C3F21C}.Release|Any CPU.Build.0 = Release|Any CPU
	EndGlobalSection
	GlobalSection(SolutionProperties) = preSolution
		HideSolutionNode = FALSE
	EndGlobalSection
	GlobalSection(ExtensibilityGlobals) = postSolution
		SolutionGuid = {028E6994-7CE5-417B-B67F-4B89ECD1E741}
	EndGlobalSection
EndGlobal
